
Microsoft Visual Studio Solution File, Format Version 12.00
# Visual Studio 15
VisualStudioVersion = 15.0.28307.902
MinimumVisualStudioVersion = 10.0.40219.1
Project("{FAE04EC0-301F-11D3-BF4B-00C04F79EFBC}") = "CosmosMongoNetConsoleApp", "CosmosMongoNetConsoleApp\CosmosMongoNetConsoleApp.csproj", "{B7A7975B-744E-4059-9928-0845EDD6123B}"
EndProject
Global
	GlobalSection(SolutionConfigurationPlatforms) = preSolution
		Debug|Any CPU = Debug|Any CPU
		Release|Any CPU = Release|Any CPU
	EndGlobalSection
	GlobalSection(ProjectConfigurationPlatforms) = postSolution
		{B7A7975B-744E-4059-9928-0845EDD6123B}.Debug|Any CPU.ActiveCfg = Debug|Any CPU
		{B7A7975B-744E-4059-9928-0845EDD6123B}.Debug|Any CPU.Build.0 = Debug|Any CPU
		{B7A7975B-744E-4059-9928-0845EDD6123B}.Release|Any CPU.ActiveCfg = Release|Any CPU
		{B7A7975B-744E-4059-9928-0845EDD6123B}.Release|Any CPU.Build.0 = Release|Any CPU
	EndGlobalSection
	GlobalSection(SolutionProperties) = preSolution
		HideSolutionNode = FALSE
	EndGlobalSection
	GlobalSection(ExtensibilityGlobals) = postSolution
		SolutionGuid = {B9C7E41C-EB73-4A72-B88E-924096E98193}
	EndGlobalSection
EndGlobal
